<?xml version="1.0" encoding="utf-8"?>
<Project ToolsVersion="16.0" xmlns="http://schemas.microsoft.com/developer/msbuild/2003">
  <ItemGroup>
    <ClCompile Include="E:\Projects\tunnerer\libs\nanogui-sdl2\python\main.cpp">
      <Filter>Source Files</Filter>
    </ClCompile>
    <ClCompile Include="E:\Projects\tunnerer\libs\nanogui-sdl2\python\constants_glfw.cpp">
      <Filter>Source Files</Filter>
    </ClCompile>
    <ClCompile Include="E:\Projects\tunnerer\libs\nanogui-sdl2\python\constants_entypo.cpp">
      <Filter>Source Files</Filter>
    </ClCompile>
    <ClCompile Include="E:\Projects\tunnerer\libs\nanogui-sdl2\python\eigen.cpp">
      <Filter>Source Files</Filter>
    </ClCompile>
    <ClCompile Include="E:\Projects\tunnerer\libs\nanogui-sdl2\python\widget.cpp">
      <Filter>Source Files</Filter>
    </ClCompile>
    <ClCompile Include="E:\Projects\tunnerer\libs\nanogui-sdl2\python\layout.cpp">
      <Filter>Source Files</Filter>
    </ClCompile>
    <ClCompile Include="E:\Projects\tunnerer\libs\nanogui-sdl2\python\basics.cpp">
      <Filter>Source Files</Filter>
    </ClCompile>
    <ClCompile Include="E:\Projects\tunnerer\libs\nanogui-sdl2\python\button.cpp">
      <Filter>Source Files</Filter>
    </ClCompile>
    <ClCompile Include="E:\Projects\tunnerer\libs\nanogui-sdl2\python\tabs.cpp">
      <Filter>Source Files</Filter>
    </ClCompile>
    <ClCompile Include="E:\Projects\tunnerer\libs\nanogui-sdl2\python\textbox.cpp">
      <Filter>Source Files</Filter>
    </ClCompile>
    <ClCompile Include="E:\Projects\tunnerer\libs\nanogui-sdl2\python\glcanvas.cpp">
      <Filter>Source Files</Filter>
    </ClCompile>
    <ClCompile Include="E:\Projects\tunnerer\libs\nanogui-sdl2\python\formhelper.cpp">
      <Filter>Source Files</Filter>
    </ClCompile>
    <ClCompile Include="E:\Projects\tunnerer\libs\nanogui-sdl2\python\misc.cpp">
      <Filter>Source Files</Filter>
    </ClCompile>
    <ClCompile Include="E:\Projects\tunnerer\libs\nanogui-sdl2\python\glutil.cpp">
      <Filter>Source Files</Filter>
    </ClCompile>
    <ClCompile Include="E:\Projects\tunnerer\libs\nanogui-sdl2\python\nanovg.cpp">
      <Filter>Source Files</Filter>
    </ClCompile>
  </ItemGroup>
  <ItemGroup>
    <ClInclude Include="E:\Projects\tunnerer\libs\nanogui-sdl2\python\python.h">
      <Filter>Header Files</Filter>
    </ClInclude>
    <ClInclude Include="E:\Projects\tunnerer\libs\nanogui-sdl2\python\py_doc.h">
      <Filter>Header Files</Filter>
    </ClInclude>
  </ItemGroup>
  <ItemGroup>
    <CustomBuild Include="E:\Projects\tunnerer\libs\nanogui-sdl2\CMakeLists.txt" />
  </ItemGroup>
  <ItemGroup>
    <Filter Include="Header Files">
      <UniqueIdentifier>{7899996E-4473-3CB0-BFA7-EFBCDE433C70}</UniqueIdentifier>
    </Filter>
    <Filter Include="Source Files">
      <UniqueIdentifier>{0F2E8233-78F5-3031-A217-99601CFC2C8F}</UniqueIdentifier>
    </Filter>
  </ItemGroup>
</Project>
